
Microsoft Visual Studio Solution File, Format Version 10.00
# Visual Studio 2008
Project("{8BC9CEB8-8B4A-11D0-8D11-00A0C91BC942}") = "cmdbar", "cmdbar.vcproj", "{DF2EC7A4-BDB2-4108-9AAC-30B70F82FBB1}"
EndProject
Global
	GlobalSection(SolutionConfigurationPlatforms) = preSolution
		Debug|Win32 = Debug|Win32
		Release|Win32 = Release|Win32
	EndGlobalSection
	GlobalSection(ProjectConfigurationPlatforms) = postSolution
		{DF2EC7A4-BDB2-4108-9AAC-30B70F82FBB1}.Debug|Win32.ActiveCfg = Debug|Win32
		{DF2EC7A4-BDB2-4108-9AAC-30B70F82FBB1}.Debug|Win32.Build.0 = Debug|Win32
		{DF2EC7A4-BDB2-4108-9AAC-30B70F82FBB1}.Release|Win32.ActiveCfg = Release|Win32
		{DF2EC7A4-BDB2-4108-9AAC-30B70F82FBB1}.Release|Win32.Build.0 = Release|Win32
	EndGlobalSection
	GlobalSection(SolutionProperties) = preSolution
		HideSolutionNode = FALSE
	EndGlobalSection
EndGlobal
